
Microsoft Visual Studio Solution File, Format Version 12.00
# Visual Studio 2012
Project("{FAE04EC0-301F-11D3-BF4B-00C04F79EFBC}") = "Casino", "Casino\Casino.csproj", "{0B40A050-9E7F-42D9-9417-2DE1EBE32CBD}"
EndProject
Global
	GlobalSection(TeamFoundationVersionControl) = preSolution
		SccNumberOfProjects = 2
		SccEnterpriseProvider = {4CA58AB2-18FA-4F8D-95D4-32DDF27D184C}
		SccTeamFoundationServer = https://tfs.codeplex.com/tfs/tfs37
		SccLocalPath0 = .
		SccProjectUniqueName1 = Casino\\Casino.csproj
		SccProjectName1 = Casino
		SccLocalPath1 = Casino
	EndGlobalSection
	GlobalSection(SolutionConfigurationPlatforms) = preSolution
		Debug|Any CPU = Debug|Any CPU
		Release|Any CPU = Release|Any CPU
	EndGlobalSection
	GlobalSection(ProjectConfigurationPlatforms) = postSolution
		{0B40A050-9E7F-42D9-9417-2DE1EBE32CBD}.Debug|Any CPU.ActiveCfg = Debug|Any CPU
		{0B40A050-9E7F-42D9-9417-2DE1EBE32CBD}.Debug|Any CPU.Build.0 = Debug|Any CPU
		{0B40A050-9E7F-42D9-9417-2DE1EBE32CBD}.Release|Any CPU.ActiveCfg = Release|Any CPU
		{0B40A050-9E7F-42D9-9417-2DE1EBE32CBD}.Release|Any CPU.Build.0 = Release|Any CPU
	EndGlobalSection
	GlobalSection(SolutionProperties) = preSolution
		HideSolutionNode = FALSE
	EndGlobalSection
EndGlobal
